
Microsoft Visual Studio Solution File, Format Version 12.00
# Visual Studio Version 17
VisualStudioVersion = 17.0.31521.260
MinimumVisualStudioVersion = 10.0.40219.1
Project("{2150E333-8FDC-42A3-9474-1A3956D46DE8}") = "src", "src", "{92F40AFA-8416-40BE-9893-D35E1924C69D}"
EndProject
Project("{2150E333-8FDC-42A3-9474-1A3956D46DE8}") = "Services", "Services", "{4A1D2DFA-D091-4CD2-B9CB-D7AAA795ABD9}"
EndProject
Project("{2150E333-8FDC-42A3-9474-1A3956D46DE8}") = "dapr", "dapr", "{E011B243-0389-468B-B903-83445BED69A4}"
EndProject
Project("{2150E333-8FDC-42A3-9474-1A3956D46DE8}") = "components", "components", "{FBFB499A-7022-4417-881B-68F63DBDB7F4}"
	ProjectSection(SolutionItems) = preProject
		dapr\components\masa-framework-pubsub.yaml = dapr\components\masa-framework-pubsub.yaml
		dapr\components\masa-framework-statestore.yaml = dapr\components\masa-framework-statestore.yaml
	EndProjectSection
EndProject
Project("{2150E333-8FDC-42A3-9474-1A3956D46DE8}") = "Web", "Web", "{F3986DD3-0372-4929-B72A-09D93196541E}"
EndProject
Project("{2150E333-8FDC-42A3-9474-1A3956D46DE8}") = "ApiGateways", "ApiGateways", "{32774681-0D67-48A6-A379-D57015094F85}"
EndProject
Project("{2150E333-8FDC-42A3-9474-1A3956D46DE8}") = "Contracts", "Contracts", "{88AD0A79-5286-4C1C-8A58-AAC9E6870CCD}"
EndProject
Project("{2150E333-8FDC-42A3-9474-1A3956D46DE8}") = "Solution Items", "Solution Items", "{398CB6C8-8AE4-4F1E-9A6A-90844771E489}"
	ProjectSection(SolutionItems) = preProject
		.editorconfig = .editorconfig
		Directory.Build.props = Directory.Build.props
	EndProjectSection
EndProject
Project("{E53339B2-1760-4266-BCC7-CA923CBCF16C}") = "docker-compose", "docker-compose.dcproj", "{952C33CD-4AD7-4234-8B7D-A08D9D773E4B}"
EndProject
Project("{9A19103F-16F7-4668-BE54-9A1E7A4F7556}") = "Masa.Tsc.ApiGateways.Caller", "src\ApiGateways\Masa.Tsc.ApiGateways.Caller\Masa.Tsc.ApiGateways.Caller.csproj", "{BDE40605-4AF3-4897-B12D-CD4C535F5317}"
EndProject
Project("{9A19103F-16F7-4668-BE54-9A1E7A4F7556}") = "Masa.Tsc.Contracts.Admin", "src\Contracts\Masa.Tsc.Contracts.Admin\Masa.Tsc.Contracts.Admin.csproj", "{D38D7297-FC98-4126-B320-1322B6F8CCFB}"
EndProject
Project("{9A19103F-16F7-4668-BE54-9A1E7A4F7556}") = "Masa.Tsc.Web.Admin.Rcl", "src\Web\Masa.Tsc.Web.Admin.Rcl\Masa.Tsc.Web.Admin.Rcl.csproj", "{7248BEE3-7257-4735-B0F7-B3B4D8A2E073}"
EndProject
Project("{9A19103F-16F7-4668-BE54-9A1E7A4F7556}") = "Masa.Tsc.Web.Admin.Server", "src\Web\Masa.Tsc.Web.Admin.Server\Masa.Tsc.Web.Admin.Server.csproj", "{AD1AD4E4-5D65-4480-9A38-7B11FC367501}"
EndProject
Project("{9A19103F-16F7-4668-BE54-9A1E7A4F7556}") = "Masa.Tsc.Service.Admin", "src\Services\Masa.Tsc.Service.Admin\Masa.Tsc.Service.Admin.csproj", "{C9455D57-1672-4A97-9CF2-3B23706282A6}"
EndProject
Project("{9A19103F-16F7-4668-BE54-9A1E7A4F7556}") = "Masa.Tsc.Web.Admin.Wasm", "src\Web\Masa.Tsc.Web.Admin.Wasm\Masa.Tsc.Web.Admin.Wasm.csproj", "{192AE8AB-9E20-44CB-895C-4F981179F92A}"
EndProject
Project("{2150E333-8FDC-42A3-9474-1A3956D46DE8}") = "Infrastructure", "Infrastructure", "{386CA149-7280-4F1F-A064-4F3B9643C082}"
EndProject
Project("{9A19103F-16F7-4668-BE54-9A1E7A4F7556}") = "Masa.Tsc.Storage.Prometheus", "src\Infrastructure\Masa.Tsc.Storage.Prometheus\Masa.Tsc.Storage.Prometheus.csproj", "{69D32923-D689-4B93-A929-C1967FA42A65}"
EndProject
Project("{9A19103F-16F7-4668-BE54-9A1E7A4F7556}") = "Masa.Tsc.Storage.Clickhouse", "src\Infrastructure\Masa.Tsc.Storage.Clickhouse\Masa.Tsc.Storage.Clickhouse.csproj", "{87CD4BDE-8F37-4543-A2DD-3EFCA90D7AD2}"
EndProject
Project("{9A19103F-16F7-4668-BE54-9A1E7A4F7556}") = "Masa.Tsc.Storage.Clickhouse.Apm", "src\Infrastructure\Masa.Tsc.Storage.Clickhouse.Apm\Masa.Tsc.Storage.Clickhouse.Apm.csproj", "{D3B4BE5B-5A7F-4EDD-BB7B-334BB80DF491}"
EndProject
Project("{9A19103F-16F7-4668-BE54-9A1E7A4F7556}") = "Masa.Tsc.Storage.Contracts", "src\Infrastructure\Masa.Tsc.Storage.Contracts\Masa.Tsc.Storage.Contracts.csproj", "{4C37F779-FCBD-4024-A158-6FC75CE23F53}"
EndProject
Project("{9A19103F-16F7-4668-BE54-9A1E7A4F7556}") = "Masa.Tsc.Storage.Elasticsearch", "src\Infrastructure\Masa.Tsc.Storage.Elasticsearch\Masa.Tsc.Storage.Elasticsearch.csproj", "{7C238DC5-E880-409D-8ADB-86CAD399BB67}"
EndProject
Project("{FAE04EC0-301F-11D3-BF4B-00C04F79EFBC}") = "Masa.Tsc.EFCore.Sqlserver", "src\Infrastructure\Masa.Tsc.EFCore.Sqlserver\Masa.Tsc.EFCore.Sqlserver.csproj", "{428FD560-A14F-4017-866E-8545D606B473}"
EndProject
Project("{FAE04EC0-301F-11D3-BF4B-00C04F79EFBC}") = "Masa.Tsc.EFCore.PostgreSQL", "src\Infrastructure\Masa.Tsc.EFCore.PostgreSQL\Masa.Tsc.EFCore.PostgreSQL.csproj", "{D3AE1E02-05BC-484B-956C-13F0F3440AE3}"
EndProject
Project("{FAE04EC0-301F-11D3-BF4B-00C04F79EFBC}") = "Masa.Tsc.EFCore", "src\Infrastructure\Masa.Tsc.EFCore\Masa.Tsc.EFCore.csproj", "{FD2A964C-2598-4F95-8577-DF59B6415623}"
EndProject
Project("{FAE04EC0-301F-11D3-BF4B-00C04F79EFBC}") = "Masa.Tsc.Domain", "src\Infrastructure\Masa.Tsc.Domain\Masa.Tsc.Domain.csproj", "{CD04814A-A4B1-4D3E-8D66-3FFF7D2D5A21}"
EndProject
Project("{FAE04EC0-301F-11D3-BF4B-00C04F79EFBC}") = "Masa.Tsc.Repository", "src\Infrastructure\Masa.Tsc.Repository\Masa.Tsc.Repository.csproj", "{86E453B5-7F2D-4E00-9FF5-523715FBEA1E}"
EndProject
Project("{FAE04EC0-301F-11D3-BF4B-00C04F79EFBC}") = "Masa.Tsc.Domain.Shared", "src\Infrastructure\Masa.Tsc.Domain.Shared\Masa.Tsc.Domain.Shared.csproj", "{16AD3AC4-E4CD-410E-AD2B-13EC0D1FE982}"
EndProject
Project("{FAE04EC0-301F-11D3-BF4B-00C04F79EFBC}") = "Masa.Tsc.Storage.Elasticsearch.Shared", "src\Infrastructure\Masa.Tsc.Storage.Elasticsearch.Shared\Masa.Tsc.Storage.Elasticsearch.Shared.csproj", "{ECAF575F-9AEA-43EA-85B0-6A17139FF355}"
EndProject
Project("{FAE04EC0-301F-11D3-BF4B-00C04F79EFBC}") = "Masa.Tsc.Storage.Clickhouse.Apm.Shared", "src\Infrastructure\Masa.Tsc.Storage.Clickhouse.Apm.Shared\Masa.Tsc.Storage.Clickhouse.Apm.Shared.csproj", "{89BC571F-908D-4C91-B3F5-18E559E83470}"
EndProject
Project("{FAE04EC0-301F-11D3-BF4B-00C04F79EFBC}") = "Masa.Tsc.Storage.Prometheus.Shared", "src\Infrastructure\Masa.Tsc.Storage.Prometheus.Shared\Masa.Tsc.Storage.Prometheus.Shared.csproj", "{978E03D2-4335-4F94-A8DE-450FD9CB6A4E}"
EndProject
Project("{FAE04EC0-301F-11D3-BF4B-00C04F79EFBC}") = "Masa.Tsc.Storage.Clickhouse.Shared", "src\Infrastructure\Masa.Tsc.Storage.Clickhouse.Shared\Masa.Tsc.Storage.Clickhouse.Shared.csproj", "{DDBBABB5-AAC0-4FBE-8630-8BBD403987A2}"
EndProject
Global
	GlobalSection(SolutionConfigurationPlatforms) = preSolution
		Debug|Any CPU = Debug|Any CPU
		Debug|x86 = Debug|x86
		Release|Any CPU = Release|Any CPU
		Release|x86 = Release|x86
	EndGlobalSection
	GlobalSection(ProjectConfigurationPlatforms) = postSolution
		{952C33CD-4AD7-4234-8B7D-A08D9D773E4B}.Debug|Any CPU.ActiveCfg = Debug|Any CPU
		{952C33CD-4AD7-4234-8B7D-A08D9D773E4B}.Debug|x86.ActiveCfg = Debug|Any CPU
		{952C33CD-4AD7-4234-8B7D-A08D9D773E4B}.Debug|x86.Build.0 = Debug|Any CPU
		{952C33CD-4AD7-4234-8B7D-A08D9D773E4B}.Release|Any CPU.ActiveCfg = Release|Any CPU
		{952C33CD-4AD7-4234-8B7D-A08D9D773E4B}.Release|Any CPU.Build.0 = Release|Any CPU
		{952C33CD-4AD7-4234-8B7D-A08D9D773E4B}.Release|x86.ActiveCfg = Release|Any CPU
		{952C33CD-4AD7-4234-8B7D-A08D9D773E4B}.Release|x86.Build.0 = Release|Any CPU
		{BDE40605-4AF3-4897-B12D-CD4C535F5317}.Debug|Any CPU.ActiveCfg = Debug|Any CPU
		{BDE40605-4AF3-4897-B12D-CD4C535F5317}.Debug|Any CPU.Build.0 = Debug|Any CPU
		{BDE40605-4AF3-4897-B12D-CD4C535F5317}.Debug|x86.ActiveCfg = Debug|Any CPU
		{BDE40605-4AF3-4897-B12D-CD4C535F5317}.Debug|x86.Build.0 = Debug|Any CPU
		{BDE40605-4AF3-4897-B12D-CD4C535F5317}.Release|Any CPU.ActiveCfg = Release|Any CPU
		{BDE40605-4AF3-4897-B12D-CD4C535F5317}.Release|Any CPU.Build.0 = Release|Any CPU
		{BDE40605-4AF3-4897-B12D-CD4C535F5317}.Release|x86.ActiveCfg = Release|Any CPU
		{BDE40605-4AF3-4897-B12D-CD4C535F5317}.Release|x86.Build.0 = Release|Any CPU
		{D38D7297-FC98-4126-B320-1322B6F8CCFB}.Debug|Any CPU.ActiveCfg = Debug|Any CPU
		{D38D7297-FC98-4126-B320-1322B6F8CCFB}.Debug|Any CPU.Build.0 = Debug|Any CPU
		{D38D7297-FC98-4126-B320-1322B6F8CCFB}.Debug|x86.ActiveCfg = Debug|Any CPU
		{D38D7297-FC98-4126-B320-1322B6F8CCFB}.Debug|x86.Build.0 = Debug|Any CPU
		{D38D7297-FC98-4126-B320-1322B6F8CCFB}.Release|Any CPU.ActiveCfg = Release|Any CPU
		{D38D7297-FC98-4126-B320-1322B6F8CCFB}.Release|Any CPU.Build.0 = Release|Any CPU
		{D38D7297-FC98-4126-B320-1322B6F8CCFB}.Release|x86.ActiveCfg = Release|Any CPU
		{D38D7297-FC98-4126-B320-1322B6F8CCFB}.Release|x86.Build.0 = Release|Any CPU
		{7248BEE3-7257-4735-B0F7-B3B4D8A2E073}.Debug|Any CPU.ActiveCfg = Debug|Any CPU
		{7248BEE3-7257-4735-B0F7-B3B4D8A2E073}.Debug|Any CPU.Build.0 = Debug|Any CPU
		{7248BEE3-7257-4735-B0F7-B3B4D8A2E073}.Debug|x86.ActiveCfg = Debug|Any CPU
		{7248BEE3-7257-4735-B0F7-B3B4D8A2E073}.Debug|x86.Build.0 = Debug|Any CPU
		{7248BEE3-7257-4735-B0F7-B3B4D8A2E073}.Release|Any CPU.ActiveCfg = Release|Any CPU
		{7248BEE3-7257-4735-B0F7-B3B4D8A2E073}.Release|Any CPU.Build.0 = Release|Any CPU
		{7248BEE3-7257-4735-B0F7-B3B4D8A2E073}.Release|x86.ActiveCfg = Release|Any CPU
		{7248BEE3-7257-4735-B0F7-B3B4D8A2E073}.Release|x86.Build.0 = Release|Any CPU
		{AD1AD4E4-5D65-4480-9A38-7B11FC367501}.Debug|Any CPU.ActiveCfg = Debug|Any CPU
		{AD1AD4E4-5D65-4480-9A38-7B11FC367501}.Debug|Any CPU.Build.0 = Debug|Any CPU
		{AD1AD4E4-5D65-4480-9A38-7B11FC367501}.Debug|x86.ActiveCfg = Debug|Any CPU
		{AD1AD4E4-5D65-4480-9A38-7B11FC367501}.Debug|x86.Build.0 = Debug|Any CPU
		{AD1AD4E4-5D65-4480-9A38-7B11FC367501}.Release|Any CPU.ActiveCfg = Release|Any CPU
		{AD1AD4E4-5D65-4480-9A38-7B11FC367501}.Release|Any CPU.Build.0 = Release|Any CPU
		{AD1AD4E4-5D65-4480-9A38-7B11FC367501}.Release|x86.ActiveCfg = Release|Any CPU
		{AD1AD4E4-5D65-4480-9A38-7B11FC367501}.Release|x86.Build.0 = Release|Any CPU
		{C9455D57-1672-4A97-9CF2-3B23706282A6}.Debug|Any CPU.ActiveCfg = Debug|Any CPU
		{C9455D57-1672-4A97-9CF2-3B23706282A6}.Debug|Any CPU.Build.0 = Debug|Any CPU
		{C9455D57-1672-4A97-9CF2-3B23706282A6}.Debug|x86.ActiveCfg = Debug|Any CPU
		{C9455D57-1672-4A97-9CF2-3B23706282A6}.Debug|x86.Build.0 = Debug|Any CPU
		{C9455D57-1672-4A97-9CF2-3B23706282A6}.Release|Any CPU.ActiveCfg = Release|Any CPU
		{C9455D57-1672-4A97-9CF2-3B23706282A6}.Release|Any CPU.Build.0 = Release|Any CPU
		{C9455D57-1672-4A97-9CF2-3B23706282A6}.Release|x86.ActiveCfg = Release|Any CPU
		{C9455D57-1672-4A97-9CF2-3B23706282A6}.Release|x86.Build.0 = Release|Any CPU
		{192AE8AB-9E20-44CB-895C-4F981179F92A}.Debug|Any CPU.ActiveCfg = Debug|Any CPU
		{192AE8AB-9E20-44CB-895C-4F981179F92A}.Debug|Any CPU.Build.0 = Debug|Any CPU
		{192AE8AB-9E20-44CB-895C-4F981179F92A}.Debug|x86.ActiveCfg = Debug|Any CPU
		{192AE8AB-9E20-44CB-895C-4F981179F92A}.Debug|x86.Build.0 = Debug|Any CPU
		{192AE8AB-9E20-44CB-895C-4F981179F92A}.Release|Any CPU.ActiveCfg = Release|Any CPU
		{192AE8AB-9E20-44CB-895C-4F981179F92A}.Release|Any CPU.Build.0 = Release|Any CPU
		{192AE8AB-9E20-44CB-895C-4F981179F92A}.Release|x86.ActiveCfg = Release|Any CPU
		{192AE8AB-9E20-44CB-895C-4F981179F92A}.Release|x86.Build.0 = Release|Any CPU
		{69D32923-D689-4B93-A929-C1967FA42A65}.Debug|Any CPU.ActiveCfg = Debug|Any CPU
		{69D32923-D689-4B93-A929-C1967FA42A65}.Debug|Any CPU.Build.0 = Debug|Any CPU
		{69D32923-D689-4B93-A929-C1967FA42A65}.Debug|x86.ActiveCfg = Debug|Any CPU
		{69D32923-D689-4B93-A929-C1967FA42A65}.Debug|x86.Build.0 = Debug|Any CPU
		{69D32923-D689-4B93-A929-C1967FA42A65}.Release|Any CPU.ActiveCfg = Release|Any CPU
		{69D32923-D689-4B93-A929-C1967FA42A65}.Release|Any CPU.Build.0 = Release|Any CPU
		{69D32923-D689-4B93-A929-C1967FA42A65}.Release|x86.ActiveCfg = Release|Any CPU
		{69D32923-D689-4B93-A929-C1967FA42A65}.Release|x86.Build.0 = Release|Any CPU
		{87CD4BDE-8F37-4543-A2DD-3EFCA90D7AD2}.Debug|Any CPU.ActiveCfg = Debug|Any CPU
		{87CD4BDE-8F37-4543-A2DD-3EFCA90D7AD2}.Debug|Any CPU.Build.0 = Debug|Any CPU
		{87CD4BDE-8F37-4543-A2DD-3EFCA90D7AD2}.Debug|x86.ActiveCfg = Debug|Any CPU
		{87CD4BDE-8F37-4543-A2DD-3EFCA90D7AD2}.Debug|x86.Build.0 = Debug|Any CPU
		{87CD4BDE-8F37-4543-A2DD-3EFCA90D7AD2}.Release|Any CPU.ActiveCfg = Release|Any CPU
		{87CD4BDE-8F37-4543-A2DD-3EFCA90D7AD2}.Release|Any CPU.Build.0 = Release|Any CPU
		{87CD4BDE-8F37-4543-A2DD-3EFCA90D7AD2}.Release|x86.ActiveCfg = Release|Any CPU
		{87CD4BDE-8F37-4543-A2DD-3EFCA90D7AD2}.Release|x86.Build.0 = Release|Any CPU
		{D3B4BE5B-5A7F-4EDD-BB7B-334BB80DF491}.Debug|Any CPU.ActiveCfg = Debug|Any CPU
		{D3B4BE5B-5A7F-4EDD-BB7B-334BB80DF491}.Debug|Any CPU.Build.0 = Debug|Any CPU
		{D3B4BE5B-5A7F-4EDD-BB7B-334BB80DF491}.Debug|x86.ActiveCfg = Debug|Any CPU
		{D3B4BE5B-5A7F-4EDD-BB7B-334BB80DF491}.Debug|x86.Build.0 = Debug|Any CPU
		{D3B4BE5B-5A7F-4EDD-BB7B-334BB80DF491}.Release|Any CPU.ActiveCfg = Release|Any CPU
		{D3B4BE5B-5A7F-4EDD-BB7B-334BB80DF491}.Release|Any CPU.Build.0 = Release|Any CPU
		{D3B4BE5B-5A7F-4EDD-BB7B-334BB80DF491}.Release|x86.ActiveCfg = Release|Any CPU
		{D3B4BE5B-5A7F-4EDD-BB7B-334BB80DF491}.Release|x86.Build.0 = Release|Any CPU
		{4C37F779-FCBD-4024-A158-6FC75CE23F53}.Debug|Any CPU.ActiveCfg = Debug|Any CPU
		{4C37F779-FCBD-4024-A158-6FC75CE23F53}.Debug|Any CPU.Build.0 = Debug|Any CPU
		{4C37F779-FCBD-4024-A158-6FC75CE23F53}.Debug|x86.ActiveCfg = Debug|Any CPU
		{4C37F779-FCBD-4024-A158-6FC75CE23F53}.Debug|x86.Build.0 = Debug|Any CPU
		{4C37F779-FCBD-4024-A158-6FC75CE23F53}.Release|Any CPU.ActiveCfg = Release|Any CPU
		{4C37F779-FCBD-4024-A158-6FC75CE23F53}.Release|Any CPU.Build.0 = Release|Any CPU
		{4C37F779-FCBD-4024-A158-6FC75CE23F53}.Release|x86.ActiveCfg = Release|Any CPU
		{4C37F779-FCBD-4024-A158-6FC75CE23F53}.Release|x86.Build.0 = Release|Any CPU
		{7C238DC5-E880-409D-8ADB-86CAD399BB67}.Debug|Any CPU.ActiveCfg = Debug|Any CPU
		{7C238DC5-E880-409D-8ADB-86CAD399BB67}.Debug|Any CPU.Build.0 = Debug|Any CPU
		{7C238DC5-E880-409D-8ADB-86CAD399BB67}.Debug|x86.ActiveCfg = Debug|Any CPU
		{7C238DC5-E880-409D-8ADB-86CAD399BB67}.Debug|x86.Build.0 = Debug|Any CPU
		{7C238DC5-E880-409D-8ADB-86CAD399BB67}.Release|Any CPU.ActiveCfg = Release|Any CPU
		{7C238DC5-E880-409D-8ADB-86CAD399BB67}.Release|Any CPU.Build.0 = Release|Any CPU
		{7C238DC5-E880-409D-8ADB-86CAD399BB67}.Release|x86.ActiveCfg = Release|Any CPU
		{7C238DC5-E880-409D-8ADB-86CAD399BB67}.Release|x86.Build.0 = Release|Any CPU
		{428FD560-A14F-4017-866E-8545D606B473}.Debug|Any CPU.ActiveCfg = Debug|Any CPU
		{428FD560-A14F-4017-866E-8545D606B473}.Debug|Any CPU.Build.0 = Debug|Any CPU
		{428FD560-A14F-4017-866E-8545D606B473}.Debug|x86.ActiveCfg = Debug|Any CPU
		{428FD560-A14F-4017-866E-8545D606B473}.Debug|x86.Build.0 = Debug|Any CPU
		{428FD560-A14F-4017-866E-8545D606B473}.Release|Any CPU.ActiveCfg = Release|Any CPU
		{428FD560-A14F-4017-866E-8545D606B473}.Release|Any CPU.Build.0 = Release|Any CPU
		{428FD560-A14F-4017-866E-8545D606B473}.Release|x86.ActiveCfg = Release|Any CPU
		{428FD560-A14F-4017-866E-8545D606B473}.Release|x86.Build.0 = Release|Any CPU
		{D3AE1E02-05BC-484B-956C-13F0F3440AE3}.Debug|Any CPU.ActiveCfg = Debug|Any CPU
		{D3AE1E02-05BC-484B-956C-13F0F3440AE3}.Debug|Any CPU.Build.0 = Debug|Any CPU
		{D3AE1E02-05BC-484B-956C-13F0F3440AE3}.Debug|x86.ActiveCfg = Debug|Any CPU
		{D3AE1E02-05BC-484B-956C-13F0F3440AE3}.Debug|x86.Build.0 = Debug|Any CPU
		{D3AE1E02-05BC-484B-956C-13F0F3440AE3}.Release|Any CPU.ActiveCfg = Release|Any CPU
		{D3AE1E02-05BC-484B-956C-13F0F3440AE3}.Release|Any CPU.Build.0 = Release|Any CPU
		{D3AE1E02-05BC-484B-956C-13F0F3440AE3}.Release|x86.ActiveCfg = Release|Any CPU
		{D3AE1E02-05BC-484B-956C-13F0F3440AE3}.Release|x86.Build.0 = Release|Any CPU
		{FD2A964C-2598-4F95-8577-DF59B6415623}.Debug|Any CPU.ActiveCfg = Debug|Any CPU
		{FD2A964C-2598-4F95-8577-DF59B6415623}.Debug|Any CPU.Build.0 = Debug|Any CPU
		{FD2A964C-2598-4F95-8577-DF59B6415623}.Debug|x86.ActiveCfg = Debug|Any CPU
		{FD2A964C-2598-4F95-8577-DF59B6415623}.Debug|x86.Build.0 = Debug|Any CPU
		{FD2A964C-2598-4F95-8577-DF59B6415623}.Release|Any CPU.ActiveCfg = Release|Any CPU
		{FD2A964C-2598-4F95-8577-DF59B6415623}.Release|Any CPU.Build.0 = Release|Any CPU
		{FD2A964C-2598-4F95-8577-DF59B6415623}.Release|x86.ActiveCfg = Release|Any CPU
		{FD2A964C-2598-4F95-8577-DF59B6415623}.Release|x86.Build.0 = Release|Any CPU
		{CD04814A-A4B1-4D3E-8D66-3FFF7D2D5A21}.Debug|Any CPU.ActiveCfg = Debug|Any CPU
		{CD04814A-A4B1-4D3E-8D66-3FFF7D2D5A21}.Debug|Any CPU.Build.0 = Debug|Any CPU
		{CD04814A-A4B1-4D3E-8D66-3FFF7D2D5A21}.Debug|x86.ActiveCfg = Debug|Any CPU
		{CD04814A-A4B1-4D3E-8D66-3FFF7D2D5A21}.Debug|x86.Build.0 = Debug|Any CPU
		{CD04814A-A4B1-4D3E-8D66-3FFF7D2D5A21}.Release|Any CPU.ActiveCfg = Release|Any CPU
		{CD04814A-A4B1-4D3E-8D66-3FFF7D2D5A21}.Release|Any CPU.Build.0 = Release|Any CPU
		{CD04814A-A4B1-4D3E-8D66-3FFF7D2D5A21}.Release|x86.ActiveCfg = Release|Any CPU
		{CD04814A-A4B1-4D3E-8D66-3FFF7D2D5A21}.Release|x86.Build.0 = Release|Any CPU
		{86E453B5-7F2D-4E00-9FF5-523715FBEA1E}.Debug|Any CPU.ActiveCfg = Debug|Any CPU
		{86E453B5-7F2D-4E00-9FF5-523715FBEA1E}.Debug|Any CPU.Build.0 = Debug|Any CPU
		{86E453B5-7F2D-4E00-9FF5-523715FBEA1E}.Debug|x86.ActiveCfg = Debug|Any CPU
		{86E453B5-7F2D-4E00-9FF5-523715FBEA1E}.Debug|x86.Build.0 = Debug|Any CPU
		{86E453B5-7F2D-4E00-9FF5-523715FBEA1E}.Release|Any CPU.ActiveCfg = Release|Any CPU
		{86E453B5-7F2D-4E00-9FF5-523715FBEA1E}.Release|Any CPU.Build.0 = Release|Any CPU
		{86E453B5-7F2D-4E00-9FF5-523715FBEA1E}.Release|x86.ActiveCfg = Release|Any CPU
		{86E453B5-7F2D-4E00-9FF5-523715FBEA1E}.Release|x86.Build.0 = Release|Any CPU
		{16AD3AC4-E4CD-410E-AD2B-13EC0D1FE982}.Debug|Any CPU.ActiveCfg = Debug|Any CPU
		{16AD3AC4-E4CD-410E-AD2B-13EC0D1FE982}.Debug|Any CPU.Build.0 = Debug|Any CPU
		{16AD3AC4-E4CD-410E-AD2B-13EC0D1FE982}.Debug|x86.ActiveCfg = Debug|Any CPU
		{16AD3AC4-E4CD-410E-AD2B-13EC0D1FE982}.Debug|x86.Build.0 = Debug|Any CPU
		{16AD3AC4-E4CD-410E-AD2B-13EC0D1FE982}.Release|Any CPU.ActiveCfg = Release|Any CPU
		{16AD3AC4-E4CD-410E-AD2B-13EC0D1FE982}.Release|Any CPU.Build.0 = Release|Any CPU
		{16AD3AC4-E4CD-410E-AD2B-13EC0D1FE982}.Release|x86.ActiveCfg = Release|Any CPU
		{16AD3AC4-E4CD-410E-AD2B-13EC0D1FE982}.Release|x86.Build.0 = Release|Any CPU
		{ECAF575F-9AEA-43EA-85B0-6A17139FF355}.Debug|Any CPU.ActiveCfg = Debug|Any CPU
		{ECAF575F-9AEA-43EA-85B0-6A17139FF355}.Debug|Any CPU.Build.0 = Debug|Any CPU
		{ECAF575F-9AEA-43EA-85B0-6A17139FF355}.Debug|x86.ActiveCfg = Debug|Any CPU
		{ECAF575F-9AEA-43EA-85B0-6A17139FF355}.Debug|x86.Build.0 = Debug|Any CPU
		{ECAF575F-9AEA-43EA-85B0-6A17139FF355}.Release|Any CPU.ActiveCfg = Release|Any CPU
		{ECAF575F-9AEA-43EA-85B0-6A17139FF355}.Release|Any CPU.Build.0 = Release|Any CPU
		{ECAF575F-9AEA-43EA-85B0-6A17139FF355}.Release|x86.ActiveCfg = Release|Any CPU
		{ECAF575F-9AEA-43EA-85B0-6A17139FF355}.Release|x86.Build.0 = Release|Any CPU
		{89BC571F-908D-4C91-B3F5-18E559E83470}.Debug|Any CPU.ActiveCfg = Debug|Any CPU
		{89BC571F-908D-4C91-B3F5-18E559E83470}.Debug|Any CPU.Build.0 = Debug|Any CPU
		{89BC571F-908D-4C91-B3F5-18E559E83470}.Debug|x86.ActiveCfg = Debug|Any CPU
		{89BC571F-908D-4C91-B3F5-18E559E83470}.Debug|x86.Build.0 = Debug|Any CPU
		{89BC571F-908D-4C91-B3F5-18E559E83470}.Release|Any CPU.ActiveCfg = Release|Any CPU
		{89BC571F-908D-4C91-B3F5-18E559E83470}.Release|Any CPU.Build.0 = Release|Any CPU
		{89BC571F-908D-4C91-B3F5-18E559E83470}.Release|x86.ActiveCfg = Release|Any CPU
		{89BC571F-908D-4C91-B3F5-18E559E83470}.Release|x86.Build.0 = Release|Any CPU
		{978E03D2-4335-4F94-A8DE-450FD9CB6A4E}.Debug|Any CPU.ActiveCfg = Debug|Any CPU
		{978E03D2-4335-4F94-A8DE-450FD9CB6A4E}.Debug|Any CPU.Build.0 = Debug|Any CPU
		{978E03D2-4335-4F94-A8DE-450FD9CB6A4E}.Debug|x86.ActiveCfg = Debug|Any CPU
		{978E03D2-4335-4F94-A8DE-450FD9CB6A4E}.Debug|x86.Build.0 = Debug|Any CPU
		{978E03D2-4335-4F94-A8DE-450FD9CB6A4E}.Release|Any CPU.ActiveCfg = Release|Any CPU
		{978E03D2-4335-4F94-A8DE-450FD9CB6A4E}.Release|Any CPU.Build.0 = Release|Any CPU
		{978E03D2-4335-4F94-A8DE-450FD9CB6A4E}.Release|x86.ActiveCfg = Release|Any CPU
		{978E03D2-4335-4F94-A8DE-450FD9CB6A4E}.Release|x86.Build.0 = Release|Any CPU
		{DDBBABB5-AAC0-4FBE-8630-8BBD403987A2}.Debug|Any CPU.ActiveCfg = Debug|Any CPU
		{DDBBABB5-AAC0-4FBE-8630-8BBD403987A2}.Debug|Any CPU.Build.0 = Debug|Any CPU
		{DDBBABB5-AAC0-4FBE-8630-8BBD403987A2}.Debug|x86.ActiveCfg = Debug|Any CPU
		{DDBBABB5-AAC0-4FBE-8630-8BBD403987A2}.Debug|x86.Build.0 = Debug|Any CPU
		{DDBBABB5-AAC0-4FBE-8630-8BBD403987A2}.Release|Any CPU.ActiveCfg = Release|Any CPU
		{DDBBABB5-AAC0-4FBE-8630-8BBD403987A2}.Release|Any CPU.Build.0 = Release|Any CPU
		{DDBBABB5-AAC0-4FBE-8630-8BBD403987A2}.Release|x86.ActiveCfg = Release|Any CPU
		{DDBBABB5-AAC0-4FBE-8630-8BBD403987A2}.Release|x86.Build.0 = Release|Any CPU
	EndGlobalSection
	GlobalSection(SolutionProperties) = preSolution
		HideSolutionNode = FALSE
	EndGlobalSection
	GlobalSection(NestedProjects) = preSolution
		{4A1D2DFA-D091-4CD2-B9CB-D7AAA795ABD9} = {92F40AFA-8416-40BE-9893-D35E1924C69D}
		{FBFB499A-7022-4417-881B-68F63DBDB7F4} = {E011B243-0389-468B-B903-83445BED69A4}
		{F3986DD3-0372-4929-B72A-09D93196541E} = {92F40AFA-8416-40BE-9893-D35E1924C69D}
		{32774681-0D67-48A6-A379-D57015094F85} = {92F40AFA-8416-40BE-9893-D35E1924C69D}
		{88AD0A79-5286-4C1C-8A58-AAC9E6870CCD} = {92F40AFA-8416-40BE-9893-D35E1924C69D}
		{BDE40605-4AF3-4897-B12D-CD4C535F5317} = {32774681-0D67-48A6-A379-D57015094F85}
		{D38D7297-FC98-4126-B320-1322B6F8CCFB} = {88AD0A79-5286-4C1C-8A58-AAC9E6870CCD}
		{7248BEE3-7257-4735-B0F7-B3B4D8A2E073} = {F3986DD3-0372-4929-B72A-09D93196541E}
		{AD1AD4E4-5D65-4480-9A38-7B11FC367501} = {F3986DD3-0372-4929-B72A-09D93196541E}
		{C9455D57-1672-4A97-9CF2-3B23706282A6} = {4A1D2DFA-D091-4CD2-B9CB-D7AAA795ABD9}
		{192AE8AB-9E20-44CB-895C-4F981179F92A} = {F3986DD3-0372-4929-B72A-09D93196541E}
		{386CA149-7280-4F1F-A064-4F3B9643C082} = {92F40AFA-8416-40BE-9893-D35E1924C69D}
		{69D32923-D689-4B93-A929-C1967FA42A65} = {386CA149-7280-4F1F-A064-4F3B9643C082}
		{87CD4BDE-8F37-4543-A2DD-3EFCA90D7AD2} = {386CA149-7280-4F1F-A064-4F3B9643C082}
		{D3B4BE5B-5A7F-4EDD-BB7B-334BB80DF491} = {386CA149-7280-4F1F-A064-4F3B9643C082}
		{4C37F779-FCBD-4024-A158-6FC75CE23F53} = {386CA149-7280-4F1F-A064-4F3B9643C082}
		{7C238DC5-E880-409D-8ADB-86CAD399BB67} = {386CA149-7280-4F1F-A064-4F3B9643C082}
		{428FD560-A14F-4017-866E-8545D606B473} = {386CA149-7280-4F1F-A064-4F3B9643C082}
		{D3AE1E02-05BC-484B-956C-13F0F3440AE3} = {386CA149-7280-4F1F-A064-4F3B9643C082}
		{FD2A964C-2598-4F95-8577-DF59B6415623} = {386CA149-7280-4F1F-A064-4F3B9643C082}
		{CD04814A-A4B1-4D3E-8D66-3FFF7D2D5A21} = {386CA149-7280-4F1F-A064-4F3B9643C082}
		{86E453B5-7F2D-4E00-9FF5-523715FBEA1E} = {386CA149-7280-4F1F-A064-4F3B9643C082}
		{16AD3AC4-E4CD-410E-AD2B-13EC0D1FE982} = {386CA149-7280-4F1F-A064-4F3B9643C082}
		{ECAF575F-9AEA-43EA-85B0-6A17139FF355} = {386CA149-7280-4F1F-A064-4F3B9643C082}
		{89BC571F-908D-4C91-B3F5-18E559E83470} = {386CA149-7280-4F1F-A064-4F3B9643C082}
		{978E03D2-4335-4F94-A8DE-450FD9CB6A4E} = {386CA149-7280-4F1F-A064-4F3B9643C082}
		{DDBBABB5-AAC0-4FBE-8630-8BBD403987A2} = {386CA149-7280-4F1F-A064-4F3B9643C082}
	EndGlobalSection
	GlobalSection(ExtensibilityGlobals) = postSolution
		SolutionGuid = {B83BA2BA-19E5-41FB-A92A-16A03DA229E4}
	EndGlobalSection
EndGlobal
