
Microsoft Visual Studio Solution File, Format Version 12.00
# Visual Studio Version 17
VisualStudioVersion = 17.0.31521.260
MinimumVisualStudioVersion = 10.0.40219.1
Project("{2150E333-8FDC-42A3-9474-1A3956D46DE8}") = "src", "src", "{92F40AFA-8416-40BE-9893-D35E1924C69D}"
EndProject
Project("{2150E333-8FDC-42A3-9474-1A3956D46DE8}") = "Services", "Services", "{4A1D2DFA-D091-4CD2-B9CB-D7AAA795ABD9}"
EndProject
Project("{2150E333-8FDC-42A3-9474-1A3956D46DE8}") = "dapr", "dapr", "{E011B243-0389-468B-B903-83445BED69A4}"
EndProject
Project("{2150E333-8FDC-42A3-9474-1A3956D46DE8}") = "components", "components", "{FBFB499A-7022-4417-881B-68F63DBDB7F4}"
	ProjectSection(SolutionItems) = preProject
		dapr\components\masa-framework-pubsub.yaml = dapr\components\masa-framework-pubsub.yaml
		dapr\components\masa-framework-statestore.yaml = dapr\components\masa-framework-statestore.yaml
	EndProjectSection
EndProject
Project("{2150E333-8FDC-42A3-9474-1A3956D46DE8}") = "Web", "Web", "{F3986DD3-0372-4929-B72A-09D93196541E}"
EndProject
Project("{2150E333-8FDC-42A3-9474-1A3956D46DE8}") = "ApiGateways", "ApiGateways", "{32774681-0D67-48A6-A379-D57015094F85}"
EndProject
Project("{2150E333-8FDC-42A3-9474-1A3956D46DE8}") = "Contracts", "Contracts", "{88AD0A79-5286-4C1C-8A58-AAC9E6870CCD}"
EndProject
Project("{2150E333-8FDC-42A3-9474-1A3956D46DE8}") = "Solution Items", "Solution Items", "{398CB6C8-8AE4-4F1E-9A6A-90844771E489}"
	ProjectSection(SolutionItems) = preProject
		.editorconfig = .editorconfig
	EndProjectSection
EndProject
Project("{E53339B2-1760-4266-BCC7-CA923CBCF16C}") = "docker-compose", "docker-compose.dcproj", "{952C33CD-4AD7-4234-8B7D-A08D9D773E4B}"
EndProject
Project("{9A19103F-16F7-4668-BE54-9A1E7A4F7556}") = "Masa.Tsc.ApiGateways.Caller", "src\ApiGateways\Masa.Tsc.ApiGateways.Caller\Masa.Tsc.ApiGateways.Caller.csproj", "{BDE40605-4AF3-4897-B12D-CD4C535F5317}"
EndProject
Project("{9A19103F-16F7-4668-BE54-9A1E7A4F7556}") = "Masa.Tsc.Contracts.Admin", "src\Contracts\Masa.Tsc.Contracts.Admin\Masa.Tsc.Contracts.Admin.csproj", "{D38D7297-FC98-4126-B320-1322B6F8CCFB}"
EndProject
Project("{9A19103F-16F7-4668-BE54-9A1E7A4F7556}") = "Masa.Tsc.Web.Admin.Rcl", "src\Web\Masa.Tsc.Web.Admin.Rcl\Masa.Tsc.Web.Admin.Rcl.csproj", "{7248BEE3-7257-4735-B0F7-B3B4D8A2E073}"
EndProject
Project("{9A19103F-16F7-4668-BE54-9A1E7A4F7556}") = "Masa.Tsc.Web.Admin.Server", "src\Web\Masa.Tsc.Web.Admin.Server\Masa.Tsc.Web.Admin.Server.csproj", "{AD1AD4E4-5D65-4480-9A38-7B11FC367501}"
EndProject
Project("{9A19103F-16F7-4668-BE54-9A1E7A4F7556}") = "Masa.Tsc.Service.Admin", "src\Services\Masa.Tsc.Service.Admin\Masa.Tsc.Service.Admin.csproj", "{C9455D57-1672-4A97-9CF2-3B23706282A6}"
EndProject
Project("{9A19103F-16F7-4668-BE54-9A1E7A4F7556}") = "Masa.Tsc.Web.Admin.Wasm", "src\Web\Masa.Tsc.Web.Admin.Wasm\Masa.Tsc.Web.Admin.Wasm.csproj", "{192AE8AB-9E20-44CB-895C-4F981179F92A}"
EndProject
Project("{9A19103F-16F7-4668-BE54-9A1E7A4F7556}") = "Masa.Stack.Components", "..\MASA.Stack.Components\src\Masa.Stack.Components\Masa.Stack.Components.csproj", "{AFF49870-94A9-4DB5-B640-8114ABE5BB90}"
EndProject
Global
	GlobalSection(SolutionConfigurationPlatforms) = preSolution
		Debug|Any CPU = Debug|Any CPU
		Debug|x86 = Debug|x86
		Release|Any CPU = Release|Any CPU
		Release|x86 = Release|x86
	EndGlobalSection
	GlobalSection(ProjectConfigurationPlatforms) = postSolution
		{952C33CD-4AD7-4234-8B7D-A08D9D773E4B}.Debug|Any CPU.ActiveCfg = Debug|Any CPU
		{952C33CD-4AD7-4234-8B7D-A08D9D773E4B}.Debug|x86.ActiveCfg = Debug|Any CPU
		{952C33CD-4AD7-4234-8B7D-A08D9D773E4B}.Debug|x86.Build.0 = Debug|Any CPU
		{952C33CD-4AD7-4234-8B7D-A08D9D773E4B}.Release|Any CPU.ActiveCfg = Release|Any CPU
		{952C33CD-4AD7-4234-8B7D-A08D9D773E4B}.Release|Any CPU.Build.0 = Release|Any CPU
		{952C33CD-4AD7-4234-8B7D-A08D9D773E4B}.Release|x86.ActiveCfg = Release|Any CPU
		{952C33CD-4AD7-4234-8B7D-A08D9D773E4B}.Release|x86.Build.0 = Release|Any CPU
		{BDE40605-4AF3-4897-B12D-CD4C535F5317}.Debug|Any CPU.ActiveCfg = Debug|Any CPU
		{BDE40605-4AF3-4897-B12D-CD4C535F5317}.Debug|Any CPU.Build.0 = Debug|Any CPU
		{BDE40605-4AF3-4897-B12D-CD4C535F5317}.Debug|x86.ActiveCfg = Debug|Any CPU
		{BDE40605-4AF3-4897-B12D-CD4C535F5317}.Debug|x86.Build.0 = Debug|Any CPU
		{BDE40605-4AF3-4897-B12D-CD4C535F5317}.Release|Any CPU.ActiveCfg = Release|Any CPU
		{BDE40605-4AF3-4897-B12D-CD4C535F5317}.Release|Any CPU.Build.0 = Release|Any CPU
		{BDE40605-4AF3-4897-B12D-CD4C535F5317}.Release|x86.ActiveCfg = Release|Any CPU
		{BDE40605-4AF3-4897-B12D-CD4C535F5317}.Release|x86.Build.0 = Release|Any CPU
		{D38D7297-FC98-4126-B320-1322B6F8CCFB}.Debug|Any CPU.ActiveCfg = Debug|Any CPU
		{D38D7297-FC98-4126-B320-1322B6F8CCFB}.Debug|Any CPU.Build.0 = Debug|Any CPU
		{D38D7297-FC98-4126-B320-1322B6F8CCFB}.Debug|x86.ActiveCfg = Debug|Any CPU
		{D38D7297-FC98-4126-B320-1322B6F8CCFB}.Debug|x86.Build.0 = Debug|Any CPU
		{D38D7297-FC98-4126-B320-1322B6F8CCFB}.Release|Any CPU.ActiveCfg = Release|Any CPU
		{D38D7297-FC98-4126-B320-1322B6F8CCFB}.Release|Any CPU.Build.0 = Release|Any CPU
		{D38D7297-FC98-4126-B320-1322B6F8CCFB}.Release|x86.ActiveCfg = Release|Any CPU
		{D38D7297-FC98-4126-B320-1322B6F8CCFB}.Release|x86.Build.0 = Release|Any CPU
		{7248BEE3-7257-4735-B0F7-B3B4D8A2E073}.Debug|Any CPU.ActiveCfg = Debug|Any CPU
		{7248BEE3-7257-4735-B0F7-B3B4D8A2E073}.Debug|Any CPU.Build.0 = Debug|Any CPU
		{7248BEE3-7257-4735-B0F7-B3B4D8A2E073}.Debug|x86.ActiveCfg = Debug|Any CPU
		{7248BEE3-7257-4735-B0F7-B3B4D8A2E073}.Debug|x86.Build.0 = Debug|Any CPU
		{7248BEE3-7257-4735-B0F7-B3B4D8A2E073}.Release|Any CPU.ActiveCfg = Release|Any CPU
		{7248BEE3-7257-4735-B0F7-B3B4D8A2E073}.Release|Any CPU.Build.0 = Release|Any CPU
		{7248BEE3-7257-4735-B0F7-B3B4D8A2E073}.Release|x86.ActiveCfg = Release|Any CPU
		{7248BEE3-7257-4735-B0F7-B3B4D8A2E073}.Release|x86.Build.0 = Release|Any CPU
		{AD1AD4E4-5D65-4480-9A38-7B11FC367501}.Debug|Any CPU.ActiveCfg = Debug|Any CPU
		{AD1AD4E4-5D65-4480-9A38-7B11FC367501}.Debug|Any CPU.Build.0 = Debug|Any CPU
		{AD1AD4E4-5D65-4480-9A38-7B11FC367501}.Debug|x86.ActiveCfg = Debug|Any CPU
		{AD1AD4E4-5D65-4480-9A38-7B11FC367501}.Debug|x86.Build.0 = Debug|Any CPU
		{AD1AD4E4-5D65-4480-9A38-7B11FC367501}.Release|Any CPU.ActiveCfg = Release|Any CPU
		{AD1AD4E4-5D65-4480-9A38-7B11FC367501}.Release|Any CPU.Build.0 = Release|Any CPU
		{AD1AD4E4-5D65-4480-9A38-7B11FC367501}.Release|x86.ActiveCfg = Release|Any CPU
		{AD1AD4E4-5D65-4480-9A38-7B11FC367501}.Release|x86.Build.0 = Release|Any CPU
		{C9455D57-1672-4A97-9CF2-3B23706282A6}.Debug|Any CPU.ActiveCfg = Debug|Any CPU
		{C9455D57-1672-4A97-9CF2-3B23706282A6}.Debug|Any CPU.Build.0 = Debug|Any CPU
		{C9455D57-1672-4A97-9CF2-3B23706282A6}.Debug|x86.ActiveCfg = Debug|Any CPU
		{C9455D57-1672-4A97-9CF2-3B23706282A6}.Debug|x86.Build.0 = Debug|Any CPU
		{C9455D57-1672-4A97-9CF2-3B23706282A6}.Release|Any CPU.ActiveCfg = Release|Any CPU
		{C9455D57-1672-4A97-9CF2-3B23706282A6}.Release|Any CPU.Build.0 = Release|Any CPU
		{C9455D57-1672-4A97-9CF2-3B23706282A6}.Release|x86.ActiveCfg = Release|Any CPU
		{C9455D57-1672-4A97-9CF2-3B23706282A6}.Release|x86.Build.0 = Release|Any CPU
		{192AE8AB-9E20-44CB-895C-4F981179F92A}.Debug|Any CPU.ActiveCfg = Debug|Any CPU
		{192AE8AB-9E20-44CB-895C-4F981179F92A}.Debug|Any CPU.Build.0 = Debug|Any CPU
		{192AE8AB-9E20-44CB-895C-4F981179F92A}.Debug|x86.ActiveCfg = Debug|Any CPU
		{192AE8AB-9E20-44CB-895C-4F981179F92A}.Debug|x86.Build.0 = Debug|Any CPU
		{192AE8AB-9E20-44CB-895C-4F981179F92A}.Release|Any CPU.ActiveCfg = Release|Any CPU
		{192AE8AB-9E20-44CB-895C-4F981179F92A}.Release|Any CPU.Build.0 = Release|Any CPU
		{192AE8AB-9E20-44CB-895C-4F981179F92A}.Release|x86.ActiveCfg = Release|Any CPU
		{192AE8AB-9E20-44CB-895C-4F981179F92A}.Release|x86.Build.0 = Release|Any CPU
		{AFF49870-94A9-4DB5-B640-8114ABE5BB90}.Debug|Any CPU.ActiveCfg = Debug|Any CPU
		{AFF49870-94A9-4DB5-B640-8114ABE5BB90}.Debug|Any CPU.Build.0 = Debug|Any CPU
		{AFF49870-94A9-4DB5-B640-8114ABE5BB90}.Debug|x86.ActiveCfg = Debug|Any CPU
		{AFF49870-94A9-4DB5-B640-8114ABE5BB90}.Debug|x86.Build.0 = Debug|Any CPU
		{AFF49870-94A9-4DB5-B640-8114ABE5BB90}.Release|Any CPU.ActiveCfg = Release|Any CPU
		{AFF49870-94A9-4DB5-B640-8114ABE5BB90}.Release|Any CPU.Build.0 = Release|Any CPU
		{AFF49870-94A9-4DB5-B640-8114ABE5BB90}.Release|x86.ActiveCfg = Release|Any CPU
		{AFF49870-94A9-4DB5-B640-8114ABE5BB90}.Release|x86.Build.0 = Release|Any CPU
	EndGlobalSection
	GlobalSection(SolutionProperties) = preSolution
		HideSolutionNode = FALSE
	EndGlobalSection
	GlobalSection(NestedProjects) = preSolution
		{4A1D2DFA-D091-4CD2-B9CB-D7AAA795ABD9} = {92F40AFA-8416-40BE-9893-D35E1924C69D}
		{FBFB499A-7022-4417-881B-68F63DBDB7F4} = {E011B243-0389-468B-B903-83445BED69A4}
		{F3986DD3-0372-4929-B72A-09D93196541E} = {92F40AFA-8416-40BE-9893-D35E1924C69D}
		{32774681-0D67-48A6-A379-D57015094F85} = {92F40AFA-8416-40BE-9893-D35E1924C69D}
		{88AD0A79-5286-4C1C-8A58-AAC9E6870CCD} = {92F40AFA-8416-40BE-9893-D35E1924C69D}
		{BDE40605-4AF3-4897-B12D-CD4C535F5317} = {32774681-0D67-48A6-A379-D57015094F85}
		{D38D7297-FC98-4126-B320-1322B6F8CCFB} = {88AD0A79-5286-4C1C-8A58-AAC9E6870CCD}
		{7248BEE3-7257-4735-B0F7-B3B4D8A2E073} = {F3986DD3-0372-4929-B72A-09D93196541E}
		{AD1AD4E4-5D65-4480-9A38-7B11FC367501} = {F3986DD3-0372-4929-B72A-09D93196541E}
		{C9455D57-1672-4A97-9CF2-3B23706282A6} = {4A1D2DFA-D091-4CD2-B9CB-D7AAA795ABD9}
		{192AE8AB-9E20-44CB-895C-4F981179F92A} = {F3986DD3-0372-4929-B72A-09D93196541E}
		{AFF49870-94A9-4DB5-B640-8114ABE5BB90} = {F3986DD3-0372-4929-B72A-09D93196541E}
	EndGlobalSection
	GlobalSection(ExtensibilityGlobals) = postSolution
		SolutionGuid = {B83BA2BA-19E5-41FB-A92A-16A03DA229E4}
	EndGlobalSection
EndGlobal
